
Microsoft Visual Studio Solution File, Format Version 12.00
# Visual Studio Version 17
VisualStudioVersion = 17.4.33110.190
MinimumVisualStudioVersion = 10.0.40219.1
Project("{2150E333-8FDC-42A3-9474-1A3956D46DE8}") = "src", "src", "{D2A84101-0D6A-4BD1-85FA-231BFA1E92E7}"
EndProject
Project("{2150E333-8FDC-42A3-9474-1A3956D46DE8}") = "services", "services", "{8D3900DD-882D-4BE7-95B8-1ACB1775AB84}"
EndProject
Project("{2150E333-8FDC-42A3-9474-1A3956D46DE8}") = "web", "web", "{6E84445B-8C3D-4A53-85CB-DE0233860A29}"
EndProject
Project("{9A19103F-16F7-4668-BE54-9A1E7A4F7556}") = "EventCatalogAPI", "EventCatalogAPI\EventCatalogAPI.csproj", "{51660CA9-4521-4828-805A-3628DD7E411E}"
EndProject
Project("{E53339B2-1760-4266-BCC7-CA923CBCF16C}") = "docker-compose", "docker-compose.dcproj", "{A74360D5-F303-48EE-BF9C-C5F1CFA28553}"
EndProject
Project("{9A19103F-16F7-4668-BE54-9A1E7A4F7556}") = "WebMVCnew", "WebMVCnew\WebMVCnew.csproj", "{345F6B2F-738A-4360-9A3F-F91B0B993F22}"
EndProject
Project("{9A19103F-16F7-4668-BE54-9A1E7A4F7556}") = "TokenServiceAPI", "TokenServiceAPI\TokenServiceAPI.csproj", "{22E2BEDF-0005-4267-96C6-2506DADABBD8}"
EndProject
Project("{FAE04EC0-301F-11D3-BF4B-00C04F79EFBC}") = "CartAPI", "CartAPI\CartAPI.csproj", "{9BF0483B-B403-4332-942A-17CA842DA045}"
EndProject
Global
	GlobalSection(SolutionConfigurationPlatforms) = preSolution
		Debug|Any CPU = Debug|Any CPU
		Release|Any CPU = Release|Any CPU
	EndGlobalSection
	GlobalSection(ProjectConfigurationPlatforms) = postSolution
		{51660CA9-4521-4828-805A-3628DD7E411E}.Debug|Any CPU.ActiveCfg = Debug|Any CPU
		{51660CA9-4521-4828-805A-3628DD7E411E}.Debug|Any CPU.Build.0 = Debug|Any CPU
		{51660CA9-4521-4828-805A-3628DD7E411E}.Release|Any CPU.ActiveCfg = Release|Any CPU
		{51660CA9-4521-4828-805A-3628DD7E411E}.Release|Any CPU.Build.0 = Release|Any CPU
		{A74360D5-F303-48EE-BF9C-C5F1CFA28553}.Debug|Any CPU.ActiveCfg = Debug|Any CPU
		{A74360D5-F303-48EE-BF9C-C5F1CFA28553}.Debug|Any CPU.Build.0 = Debug|Any CPU
		{A74360D5-F303-48EE-BF9C-C5F1CFA28553}.Release|Any CPU.ActiveCfg = Release|Any CPU
		{A74360D5-F303-48EE-BF9C-C5F1CFA28553}.Release|Any CPU.Build.0 = Release|Any CPU
		{345F6B2F-738A-4360-9A3F-F91B0B993F22}.Debug|Any CPU.ActiveCfg = Debug|Any CPU
		{345F6B2F-738A-4360-9A3F-F91B0B993F22}.Debug|Any CPU.Build.0 = Debug|Any CPU
		{345F6B2F-738A-4360-9A3F-F91B0B993F22}.Release|Any CPU.ActiveCfg = Release|Any CPU
		{345F6B2F-738A-4360-9A3F-F91B0B993F22}.Release|Any CPU.Build.0 = Release|Any CPU
		{22E2BEDF-0005-4267-96C6-2506DADABBD8}.Debug|Any CPU.ActiveCfg = Debug|Any CPU
		{22E2BEDF-0005-4267-96C6-2506DADABBD8}.Debug|Any CPU.Build.0 = Debug|Any CPU
		{22E2BEDF-0005-4267-96C6-2506DADABBD8}.Release|Any CPU.ActiveCfg = Release|Any CPU
		{22E2BEDF-0005-4267-96C6-2506DADABBD8}.Release|Any CPU.Build.0 = Release|Any CPU
		{9BF0483B-B403-4332-942A-17CA842DA045}.Debug|Any CPU.ActiveCfg = Debug|Any CPU
		{9BF0483B-B403-4332-942A-17CA842DA045}.Debug|Any CPU.Build.0 = Debug|Any CPU
		{9BF0483B-B403-4332-942A-17CA842DA045}.Release|Any CPU.ActiveCfg = Release|Any CPU
		{9BF0483B-B403-4332-942A-17CA842DA045}.Release|Any CPU.Build.0 = Release|Any CPU
	EndGlobalSection
	GlobalSection(SolutionProperties) = preSolution
		HideSolutionNode = FALSE
	EndGlobalSection
	GlobalSection(NestedProjects) = preSolution
		{8D3900DD-882D-4BE7-95B8-1ACB1775AB84} = {D2A84101-0D6A-4BD1-85FA-231BFA1E92E7}
		{6E84445B-8C3D-4A53-85CB-DE0233860A29} = {D2A84101-0D6A-4BD1-85FA-231BFA1E92E7}
		{51660CA9-4521-4828-805A-3628DD7E411E} = {8D3900DD-882D-4BE7-95B8-1ACB1775AB84}
		{345F6B2F-738A-4360-9A3F-F91B0B993F22} = {6E84445B-8C3D-4A53-85CB-DE0233860A29}
		{22E2BEDF-0005-4267-96C6-2506DADABBD8} = {8D3900DD-882D-4BE7-95B8-1ACB1775AB84}
		{9BF0483B-B403-4332-942A-17CA842DA045} = {8D3900DD-882D-4BE7-95B8-1ACB1775AB84}
	EndGlobalSection
	GlobalSection(ExtensibilityGlobals) = postSolution
		SolutionGuid = {5C789146-AE5A-45EB-B0C2-DB740E0EC148}
	EndGlobalSection
EndGlobal
